
Microsoft Visual Studio Solution File, Format Version 12.00
# Visual Studio Version 17
VisualStudioVersion = 17.9.34728.123
MinimumVisualStudioVersion = 10.0.40219.1
Project("{FAE04EC0-301F-11D3-BF4B-00C04F79EFBC}") = "ApiSena", "ApiSena\ApiSena.csproj", "{261CAA39-C555-46DD-B108-E03922DD42F9}"
EndProject
Global
	GlobalSection(SolutionConfigurationPlatforms) = preSolution
		Debug|Any CPU = Debug|Any CPU
		Release|Any CPU = Release|Any CPU
	EndGlobalSection
	GlobalSection(ProjectConfigurationPlatforms) = postSolution
		{261CAA39-C555-46DD-B108-E03922DD42F9}.Debug|Any CPU.ActiveCfg = Debug|Any CPU
		{261CAA39-C555-46DD-B108-E03922DD42F9}.Debug|Any CPU.Build.0 = Debug|Any CPU
		{261CAA39-C555-46DD-B108-E03922DD42F9}.Release|Any CPU.ActiveCfg = Release|Any CPU
		{261CAA39-C555-46DD-B108-E03922DD42F9}.Release|Any CPU.Build.0 = Release|Any CPU
	EndGlobalSection
	GlobalSection(SolutionProperties) = preSolution
		HideSolutionNode = FALSE
	EndGlobalSection
	GlobalSection(ExtensibilityGlobals) = postSolution
		SolutionGuid = {3C95F1D2-95A3-4C99-909C-43461EFDDC5A}
	EndGlobalSection
EndGlobal
